// !$*UTF8*$!
{
	archiveVersion = 1;
	classes = {
	};
	objectVersion = 46;
	objects = {

/* Begin PBXBuildFile section */
		6012BC1E1EBDF28400E47DB8 /* KeyMaterial.swift in Sources */ = {isa = PBXBuildFile; fileRef = 6012BC1D1EBDF28400E47DB8 /* KeyMaterial.swift */; };
		6012BC201EBE0B5F00E47DB8 /* KeyMaterialTest.swift in Sources */ = {isa = PBXBuildFile; fileRef = 6012BC1F1EBE0B5F00E47DB8 /* KeyMaterialTest.swift */; };
		601833891F3CCA5A003AE3D8 /* GenericHash.swift in Sources */ = {isa = PBXBuildFile; fileRef = 601833881F3CCA5A003AE3D8 /* GenericHash.swift */; };
		6018338A1F3CCA5A003AE3D8 /* GenericHash.swift in Sources */ = {isa = PBXBuildFile; fileRef = 601833881F3CCA5A003AE3D8 /* GenericHash.swift */; };
		6018338E1F3D0765003AE3D8 /* GenericHashTest.swift in Sources */ = {isa = PBXBuildFile; fileRef = 6018338D1F3D0765003AE3D8 /* GenericHashTest.swift */; };
		6018338F1F3D0765003AE3D8 /* GenericHashTest.swift in Sources */ = {isa = PBXBuildFile; fileRef = 6018338D1F3D0765003AE3D8 /* GenericHashTest.swift */; };
		601833941F3DBFBD003AE3D8 /* BytesTest.swift in Sources */ = {isa = PBXBuildFile; fileRef = 601833931F3DBFBD003AE3D8 /* BytesTest.swift */; };
		601833951F3DBFBD003AE3D8 /* BytesTest.swift in Sources */ = {isa = PBXBuildFile; fileRef = 601833931F3DBFBD003AE3D8 /* BytesTest.swift */; };
		6023DFC81DE42DA900E0B95E /* HashedPassword.swift in Sources */ = {isa = PBXBuildFile; fileRef = 6023DFC71DE42DA900E0B95E /* HashedPassword.swift */; };
		603F3C4A1EC313F600FEEBD9 /* Ciphertext.swift in Sources */ = {isa = PBXBuildFile; fileRef = 603F3C491EC313F600FEEBD9 /* Ciphertext.swift */; };
		604AF077200E2996000CE8F0 /* KeyExchange.swift in Sources */ = {isa = PBXBuildFile; fileRef = 604AF076200E2996000CE8F0 /* KeyExchange.swift */; };
		604AF078200E2996000CE8F0 /* KeyExchange.swift in Sources */ = {isa = PBXBuildFile; fileRef = 604AF076200E2996000CE8F0 /* KeyExchange.swift */; };
		604AF07D200E3FD1000CE8F0 /* KeyExchangeTest.swift in Sources */ = {isa = PBXBuildFile; fileRef = 604AF07C200E3FD1000CE8F0 /* KeyExchangeTest.swift */; };
		604AF07E200E3FD1000CE8F0 /* KeyExchangeTest.swift in Sources */ = {isa = PBXBuildFile; fileRef = 604AF07C200E3FD1000CE8F0 /* KeyExchangeTest.swift */; };
		604E24C91DC7720F00942D54 /* README.md in Resources */ = {isa = PBXBuildFile; fileRef = 604E24C81DC7720F00942D54 /* README.md */; };
		604E24CC1DC77F5A00942D54 /* Examples.swift in Sources */ = {isa = PBXBuildFile; fileRef = 604E24CB1DC77F5A00942D54 /* Examples.swift */; };
		604ED7DE211DF5F200286D2C /* Bytes.swift in Sources */ = {isa = PBXBuildFile; fileRef = 604ED7DD211DF5F200286D2C /* Bytes.swift */; };
		604ED7DF211DF5F200286D2C /* Bytes.swift in Sources */ = {isa = PBXBuildFile; fileRef = 604ED7DD211DF5F200286D2C /* Bytes.swift */; };
		604ED7E12122159800286D2C /* Blocks.swift in Sources */ = {isa = PBXBuildFile; fileRef = 604ED7E02122159700286D2C /* Blocks.swift */; };
		604ED7E22122159800286D2C /* Blocks.swift in Sources */ = {isa = PBXBuildFile; fileRef = 604ED7E02122159700286D2C /* Blocks.swift */; };
		604ED7E421221E0E00286D2C /* BlocksTest.swift in Sources */ = {isa = PBXBuildFile; fileRef = 604ED7E321221E0E00286D2C /* BlocksTest.swift */; };
		604ED7E521221E0E00286D2C /* BlocksTest.swift in Sources */ = {isa = PBXBuildFile; fileRef = 604ED7E321221E0E00286D2C /* BlocksTest.swift */; };
		607EFC521F8D018B0084692A /* AppDelegate.swift in Sources */ = {isa = PBXBuildFile; fileRef = 607EFC511F8D018B0084692A /* AppDelegate.swift */; };
		607EFC541F8D018B0084692A /* ViewController.swift in Sources */ = {isa = PBXBuildFile; fileRef = 607EFC531F8D018B0084692A /* ViewController.swift */; };
		607EFC571F8D018B0084692A /* Main.storyboard in Resources */ = {isa = PBXBuildFile; fileRef = 607EFC551F8D018B0084692A /* Main.storyboard */; };
		607EFC591F8D018B0084692A /* Assets.xcassets in Resources */ = {isa = PBXBuildFile; fileRef = 607EFC581F8D018B0084692A /* Assets.xcassets */; };
		607EFC5C1F8D018B0084692A /* LaunchScreen.storyboard in Resources */ = {isa = PBXBuildFile; fileRef = 607EFC5A1F8D018B0084692A /* LaunchScreen.storyboard */; };
		608329BB227B90B800A93406 /* libsodium-osx.a in Frameworks */ = {isa = PBXBuildFile; fileRef = 608329BA227B90B800A93406 /* libsodium-osx.a */; };
		608329BD227B90BF00A93406 /* libsodium-ios.a in Frameworks */ = {isa = PBXBuildFile; fileRef = 608329BC227B90BF00A93406 /* libsodium-ios.a */; };
		6096E7031F18FF9300E6599F /* Persona.swift in Sources */ = {isa = PBXBuildFile; fileRef = 6096E7021F18FF9300E6599F /* Persona.swift */; };
		6096E7641F1A492600E6599F /* Keychain.framework in Frameworks */ = {isa = PBXBuildFile; fileRef = 6096E75B1F1A490A00E6599F /* Keychain.framework */; };
		6096E7661F1A540300E6599F /* PersonaTest.swift in Sources */ = {isa = PBXBuildFile; fileRef = 6096E7651F1A540300E6599F /* PersonaTest.swift */; };
		6096E7751F1A654100E6599F /* Tafelsalz.framework in Frameworks */ = {isa = PBXBuildFile; fileRef = 6096E76C1F1A654000E6599F /* Tafelsalz.framework */; };
		6096E7831F1A655C00E6599F /* Keychain.framework in Frameworks */ = {isa = PBXBuildFile; fileRef = 6096E75D1F1A490A00E6599F /* Keychain.framework */; };
		6096E7871F1A658200E6599F /* Tafelsalz.h in Headers */ = {isa = PBXBuildFile; fileRef = 60C695491DBDE36100CE9435 /* Tafelsalz.h */; settings = {ATTRIBUTES = (Public, ); }; };
		6096E7891F1A67D100E6599F /* EncryptedData.swift in Sources */ = {isa = PBXBuildFile; fileRef = 60C696991DBE02A500CE9435 /* EncryptedData.swift */; };
		6096E78A1F1A67D400E6599F /* HashedPassword.swift in Sources */ = {isa = PBXBuildFile; fileRef = 6023DFC71DE42DA900E0B95E /* HashedPassword.swift */; };
		6096E78B1F1A67D700E6599F /* Password.swift in Sources */ = {isa = PBXBuildFile; fileRef = 60C211E11EB503CC00882AD0 /* Password.swift */; };
		6096E78C1F1A67DA00E6599F /* Random.swift in Sources */ = {isa = PBXBuildFile; fileRef = 60C696A31DBF908F00CE9435 /* Random.swift */; };
		6096E78D1F1A67DD00E6599F /* SecretBox.swift in Sources */ = {isa = PBXBuildFile; fileRef = 60C696961DBDFB3600CE9435 /* SecretBox.swift */; };
		6096E78E1F1A67E100E6599F /* KeyMaterial.swift in Sources */ = {isa = PBXBuildFile; fileRef = 6012BC1D1EBDF28400E47DB8 /* KeyMaterial.swift */; };
		6096E78F1F1A67E400E6599F /* Ciphertext.swift in Sources */ = {isa = PBXBuildFile; fileRef = 603F3C491EC313F600FEEBD9 /* Ciphertext.swift */; };
		6096E7901F1A67E700E6599F /* Persona.swift in Sources */ = {isa = PBXBuildFile; fileRef = 6096E7021F18FF9300E6599F /* Persona.swift */; };
		6096E7911F1A67EC00E6599F /* Examples.swift in Sources */ = {isa = PBXBuildFile; fileRef = 604E24CB1DC77F5A00942D54 /* Examples.swift */; };
		6096E7921F1A67EE00E6599F /* KeyMaterialTest.swift in Sources */ = {isa = PBXBuildFile; fileRef = 6012BC1F1EBE0B5F00E47DB8 /* KeyMaterialTest.swift */; };
		6096E7931F1A67F100E6599F /* HashedPasswordTest.swift in Sources */ = {isa = PBXBuildFile; fileRef = 60C211E51EB50AF500882AD0 /* HashedPasswordTest.swift */; };
		6096E7941F1A67F400E6599F /* PasswordTest.swift in Sources */ = {isa = PBXBuildFile; fileRef = 60C211E31EB504E500882AD0 /* PasswordTest.swift */; };
		6096E7951F1A67F700E6599F /* RandomTests.swift in Sources */ = {isa = PBXBuildFile; fileRef = 60C696A81DBFAE4A00CE9435 /* RandomTests.swift */; };
		6096E7961F1A67FA00E6599F /* SecretBoxTests.swift in Sources */ = {isa = PBXBuildFile; fileRef = 60D73F661DC0D91400AAAC59 /* SecretBoxTests.swift */; };
		6096E7971F1A680800E6599F /* PersonaTest.swift in Sources */ = {isa = PBXBuildFile; fileRef = 6096E7651F1A540300E6599F /* PersonaTest.swift */; };
		60C076591F67C67000258AB7 /* Sodium.swift in Sources */ = {isa = PBXBuildFile; fileRef = 60C076581F67C67000258AB7 /* Sodium.swift */; };
		60C0765A1F67C67000258AB7 /* Sodium.swift in Sources */ = {isa = PBXBuildFile; fileRef = 60C076581F67C67000258AB7 /* Sodium.swift */; };
		60C0765F1F684D2300258AB7 /* MasterKey.swift in Sources */ = {isa = PBXBuildFile; fileRef = 60C0765E1F684D2300258AB7 /* MasterKey.swift */; };
		60C076601F684D2300258AB7 /* MasterKey.swift in Sources */ = {isa = PBXBuildFile; fileRef = 60C0765E1F684D2300258AB7 /* MasterKey.swift */; };
		60C076621F685D4000258AB7 /* MasterKeyTest.swift in Sources */ = {isa = PBXBuildFile; fileRef = 60C076611F685D4000258AB7 /* MasterKeyTest.swift */; };
		60C076631F685D4000258AB7 /* MasterKeyTest.swift in Sources */ = {isa = PBXBuildFile; fileRef = 60C076611F685D4000258AB7 /* MasterKeyTest.swift */; };
		60C076651F68776600258AB7 /* Memory.swift in Sources */ = {isa = PBXBuildFile; fileRef = 60C076641F68776600258AB7 /* Memory.swift */; };
		60C076661F68776600258AB7 /* Memory.swift in Sources */ = {isa = PBXBuildFile; fileRef = 60C076641F68776600258AB7 /* Memory.swift */; };
		60C211E21EB503CC00882AD0 /* Password.swift in Sources */ = {isa = PBXBuildFile; fileRef = 60C211E11EB503CC00882AD0 /* Password.swift */; };
		60C211E41EB504E500882AD0 /* PasswordTest.swift in Sources */ = {isa = PBXBuildFile; fileRef = 60C211E31EB504E500882AD0 /* PasswordTest.swift */; };
		60C211E61EB50AF500882AD0 /* HashedPasswordTest.swift in Sources */ = {isa = PBXBuildFile; fileRef = 60C211E51EB50AF500882AD0 /* HashedPasswordTest.swift */; };
		60C695501DBDE36100CE9435 /* Tafelsalz.framework in Frameworks */ = {isa = PBXBuildFile; fileRef = 60C695461DBDE36100CE9435 /* Tafelsalz.framework */; };
		60C695571DBDE36100CE9435 /* Tafelsalz.h in Headers */ = {isa = PBXBuildFile; fileRef = 60C695491DBDE36100CE9435 /* Tafelsalz.h */; settings = {ATTRIBUTES = (Public, ); }; };
		60C696971DBDFB3600CE9435 /* SecretBox.swift in Sources */ = {isa = PBXBuildFile; fileRef = 60C696961DBDFB3600CE9435 /* SecretBox.swift */; };
		60C6969A1DBE02A500CE9435 /* EncryptedData.swift in Sources */ = {isa = PBXBuildFile; fileRef = 60C696991DBE02A500CE9435 /* EncryptedData.swift */; };
		60C696A41DBF908F00CE9435 /* Random.swift in Sources */ = {isa = PBXBuildFile; fileRef = 60C696A31DBF908F00CE9435 /* Random.swift */; };
		60C696A91DBFAE4A00CE9435 /* RandomTests.swift in Sources */ = {isa = PBXBuildFile; fileRef = 60C696A81DBFAE4A00CE9435 /* RandomTests.swift */; };
		60D73F671DC0D91400AAAC59 /* SecretBoxTests.swift in Sources */ = {isa = PBXBuildFile; fileRef = 60D73F661DC0D91400AAAC59 /* SecretBoxTests.swift */; };
/* End PBXBuildFile section */

/* Begin PBXContainerItemProxy section */
		607EFC631F8D018B0084692A /* PBXContainerItemProxy */ = {
			isa = PBXContainerItemProxy;
			containerPortal = 6096E7531F1A490A00E6599F /* Keychain.xcodeproj */;
			proxyType = 2;
			remoteGlobalIDString = 607EFC341F8CF7990084692A;
			remoteInfo = KeychainTestHost;
		};
		607EFC661F8D01980084692A /* PBXContainerItemProxy */ = {
			isa = PBXContainerItemProxy;
			containerPortal = 60C6953D1DBDE36000CE9435 /* Project object */;
			proxyType = 1;
			remoteGlobalIDString = 607EFC4E1F8D018B0084692A;
			remoteInfo = TafelsalzTestHost;
		};
		6096E75A1F1A490A00E6599F /* PBXContainerItemProxy */ = {
			isa = PBXContainerItemProxy;
			containerPortal = 6096E7531F1A490A00E6599F /* Keychain.xcodeproj */;
			proxyType = 2;
			remoteGlobalIDString = 6096E7141F19099400E6599F;
			remoteInfo = Keychain_macOS;
		};
		6096E75C1F1A490A00E6599F /* PBXContainerItemProxy */ = {
			isa = PBXContainerItemProxy;
			containerPortal = 6096E7531F1A490A00E6599F /* Keychain.xcodeproj */;
			proxyType = 2;
			remoteGlobalIDString = 6096E7391F1A34DB00E6599F;
			remoteInfo = Keychain_iOS;
		};
		6096E75E1F1A490A00E6599F /* PBXContainerItemProxy */ = {
			isa = PBXContainerItemProxy;
			containerPortal = 6096E7531F1A490A00E6599F /* Keychain.xcodeproj */;
			proxyType = 2;
			remoteGlobalIDString = 6096E71D1F19099400E6599F;
			remoteInfo = KeychainTests_macOS;
		};
		6096E7601F1A490A00E6599F /* PBXContainerItemProxy */ = {
			isa = PBXContainerItemProxy;
			containerPortal = 6096E7531F1A490A00E6599F /* Keychain.xcodeproj */;
			proxyType = 2;
			remoteGlobalIDString = 6096E7411F1A34DB00E6599F;
			remoteInfo = KeychainTests_iOS;
		};
		6096E7621F1A491400E6599F /* PBXContainerItemProxy */ = {
			isa = PBXContainerItemProxy;
			containerPortal = 6096E7531F1A490A00E6599F /* Keychain.xcodeproj */;
			proxyType = 1;
			remoteGlobalIDString = 6096E7131F19099400E6599F;
			remoteInfo = Keychain_macOS;
		};
		6096E7761F1A654100E6599F /* PBXContainerItemProxy */ = {
			isa = PBXContainerItemProxy;
			containerPortal = 60C6953D1DBDE36000CE9435 /* Project object */;
			proxyType = 1;
			remoteGlobalIDString = 6096E76B1F1A654000E6599F;
			remoteInfo = Tafelsalz_iOS;
		};
		6096E7851F1A657300E6599F /* PBXContainerItemProxy */ = {
			isa = PBXContainerItemProxy;
			containerPortal = 6096E7531F1A490A00E6599F /* Keychain.xcodeproj */;
			proxyType = 1;
			remoteGlobalIDString = 6096E7381F1A34DB00E6599F;
			remoteInfo = Keychain_iOS;
		};
		60C695511DBDE36100CE9435 /* PBXContainerItemProxy */ = {
			isa = PBXContainerItemProxy;
			containerPortal = 60C6953D1DBDE36000CE9435 /* Project object */;
			proxyType = 1;
			remoteGlobalIDString = 60C695451DBDE36000CE9435;
			remoteInfo = Tafelsalz;
		};
/* End PBXContainerItemProxy section */

/* Begin PBXFileReference section */
		6012BC1D1EBDF28400E47DB8 /* KeyMaterial.swift */ = {isa = PBXFileReference; fileEncoding = 4; lastKnownFileType = sourcecode.swift; path = KeyMaterial.swift; sourceTree = "<group>"; };
		6012BC1F1EBE0B5F00E47DB8 /* KeyMaterialTest.swift */ = {isa = PBXFileReference; fileEncoding = 4; lastKnownFileType = sourcecode.swift; path = KeyMaterialTest.swift; sourceTree = "<group>"; };
		601833881F3CCA5A003AE3D8 /* GenericHash.swift */ = {isa = PBXFileReference; fileEncoding = 4; lastKnownFileType = sourcecode.swift; path = GenericHash.swift; sourceTree = "<group>"; };
		6018338D1F3D0765003AE3D8 /* GenericHashTest.swift */ = {isa = PBXFileReference; fileEncoding = 4; lastKnownFileType = sourcecode.swift; path = GenericHashTest.swift; sourceTree = "<group>"; };
		601833931F3DBFBD003AE3D8 /* BytesTest.swift */ = {isa = PBXFileReference; fileEncoding = 4; lastKnownFileType = sourcecode.swift; path = BytesTest.swift; sourceTree = "<group>"; };
		6023DFC71DE42DA900E0B95E /* HashedPassword.swift */ = {isa = PBXFileReference; fileEncoding = 4; lastKnownFileType = sourcecode.swift; path = HashedPassword.swift; sourceTree = "<group>"; };
		603F3C491EC313F600FEEBD9 /* Ciphertext.swift */ = {isa = PBXFileReference; fileEncoding = 4; lastKnownFileType = sourcecode.swift; path = Ciphertext.swift; sourceTree = "<group>"; };
		604AF076200E2996000CE8F0 /* KeyExchange.swift */ = {isa = PBXFileReference; lastKnownFileType = sourcecode.swift; path = KeyExchange.swift; sourceTree = "<group>"; };
		604AF07C200E3FD1000CE8F0 /* KeyExchangeTest.swift */ = {isa = PBXFileReference; lastKnownFileType = sourcecode.swift; path = KeyExchangeTest.swift; sourceTree = "<group>"; };
		604E24C81DC7720F00942D54 /* README.md */ = {isa = PBXFileReference; fileEncoding = 4; lastKnownFileType = net.daringfireball.markdown; path = README.md; sourceTree = "<group>"; };
		604E24CB1DC77F5A00942D54 /* Examples.swift */ = {isa = PBXFileReference; fileEncoding = 4; lastKnownFileType = sourcecode.swift; path = Examples.swift; sourceTree = "<group>"; };
		604ED7DD211DF5F200286D2C /* Bytes.swift */ = {isa = PBXFileReference; lastKnownFileType = sourcecode.swift; path = Bytes.swift; sourceTree = "<group>"; };
		604ED7E02122159700286D2C /* Blocks.swift */ = {isa = PBXFileReference; lastKnownFileType = sourcecode.swift; path = Blocks.swift; sourceTree = "<group>"; };
		604ED7E321221E0E00286D2C /* BlocksTest.swift */ = {isa = PBXFileReference; lastKnownFileType = sourcecode.swift; path = BlocksTest.swift; sourceTree = "<group>"; };
		607EFC4F1F8D018B0084692A /* TafelsalzTestHost.app */ = {isa = PBXFileReference; explicitFileType = wrapper.application; includeInIndex = 0; path = TafelsalzTestHost.app; sourceTree = BUILT_PRODUCTS_DIR; };
		607EFC511F8D018B0084692A /* AppDelegate.swift */ = {isa = PBXFileReference; lastKnownFileType = sourcecode.swift; path = AppDelegate.swift; sourceTree = "<group>"; };
		607EFC531F8D018B0084692A /* ViewController.swift */ = {isa = PBXFileReference; lastKnownFileType = sourcecode.swift; path = ViewController.swift; sourceTree = "<group>"; };
		607EFC561F8D018B0084692A /* Base */ = {isa = PBXFileReference; lastKnownFileType = file.storyboard; name = Base; path = Base.lproj/Main.storyboard; sourceTree = "<group>"; };
		607EFC581F8D018B0084692A /* Assets.xcassets */ = {isa = PBXFileReference; lastKnownFileType = folder.assetcatalog; path = Assets.xcassets; sourceTree = "<group>"; };
		607EFC5B1F8D018B0084692A /* Base */ = {isa = PBXFileReference; lastKnownFileType = file.storyboard; name = Base; path = Base.lproj/LaunchScreen.storyboard; sourceTree = "<group>"; };
		607EFC5D1F8D018B0084692A /* Info.plist */ = {isa = PBXFileReference; lastKnownFileType = text.plist.xml; path = Info.plist; sourceTree = "<group>"; };
		608329B7227B909300A93406 /* libsodium */ = {isa = PBXFileReference; lastKnownFileType = folder; name = libsodium; path = Dependencies/libsodium; sourceTree = "<group>"; };
		608329BA227B90B800A93406 /* libsodium-osx.a */ = {isa = PBXFileReference; lastKnownFileType = archive.ar; name = "libsodium-osx.a"; path = "Dependencies/libsodium/libsodium-osx.a"; sourceTree = "<group>"; };
		608329BC227B90BF00A93406 /* libsodium-ios.a */ = {isa = PBXFileReference; lastKnownFileType = archive.ar; name = "libsodium-ios.a"; path = "Dependencies/libsodium/libsodium-ios.a"; sourceTree = "<group>"; };
		6096E7021F18FF9300E6599F /* Persona.swift */ = {isa = PBXFileReference; fileEncoding = 4; lastKnownFileType = sourcecode.swift; path = Persona.swift; sourceTree = "<group>"; };
		6096E7531F1A490A00E6599F /* Keychain.xcodeproj */ = {isa = PBXFileReference; lastKnownFileType = "wrapper.pb-project"; name = Keychain.xcodeproj; path = Dependencies/Keychain/Keychain.xcodeproj; sourceTree = "<group>"; };
		6096E7651F1A540300E6599F /* PersonaTest.swift */ = {isa = PBXFileReference; fileEncoding = 4; lastKnownFileType = sourcecode.swift; path = PersonaTest.swift; sourceTree = "<group>"; };
		6096E76C1F1A654000E6599F /* Tafelsalz.framework */ = {isa = PBXFileReference; explicitFileType = wrapper.framework; includeInIndex = 0; path = Tafelsalz.framework; sourceTree = BUILT_PRODUCTS_DIR; };
		6096E7741F1A654100E6599F /* TafelsalzTests.xctest */ = {isa = PBXFileReference; explicitFileType = wrapper.cfbundle; includeInIndex = 0; path = TafelsalzTests.xctest; sourceTree = BUILT_PRODUCTS_DIR; };
		60C076581F67C67000258AB7 /* Sodium.swift */ = {isa = PBXFileReference; fileEncoding = 4; lastKnownFileType = sourcecode.swift; path = Sodium.swift; sourceTree = "<group>"; };
		60C0765E1F684D2300258AB7 /* MasterKey.swift */ = {isa = PBXFileReference; fileEncoding = 4; lastKnownFileType = sourcecode.swift; path = MasterKey.swift; sourceTree = "<group>"; };
		60C076611F685D4000258AB7 /* MasterKeyTest.swift */ = {isa = PBXFileReference; fileEncoding = 4; lastKnownFileType = sourcecode.swift; path = MasterKeyTest.swift; sourceTree = "<group>"; };
		60C076641F68776600258AB7 /* Memory.swift */ = {isa = PBXFileReference; fileEncoding = 4; lastKnownFileType = sourcecode.swift; path = Memory.swift; sourceTree = "<group>"; };
		60C211E11EB503CC00882AD0 /* Password.swift */ = {isa = PBXFileReference; fileEncoding = 4; lastKnownFileType = sourcecode.swift; path = Password.swift; sourceTree = "<group>"; };
		60C211E31EB504E500882AD0 /* PasswordTest.swift */ = {isa = PBXFileReference; fileEncoding = 4; lastKnownFileType = sourcecode.swift; path = PasswordTest.swift; sourceTree = "<group>"; };
		60C211E51EB50AF500882AD0 /* HashedPasswordTest.swift */ = {isa = PBXFileReference; fileEncoding = 4; lastKnownFileType = sourcecode.swift; path = HashedPasswordTest.swift; sourceTree = "<group>"; };
		60C695461DBDE36100CE9435 /* Tafelsalz.framework */ = {isa = PBXFileReference; explicitFileType = wrapper.framework; includeInIndex = 0; path = Tafelsalz.framework; sourceTree = BUILT_PRODUCTS_DIR; };
		60C695491DBDE36100CE9435 /* Tafelsalz.h */ = {isa = PBXFileReference; lastKnownFileType = sourcecode.c.h; path = Tafelsalz.h; sourceTree = "<group>"; };
		60C6954A1DBDE36100CE9435 /* Info.plist */ = {isa = PBXFileReference; lastKnownFileType = text.plist.xml; path = Info.plist; sourceTree = "<group>"; };
		60C6954F1DBDE36100CE9435 /* TafelsalzTests.xctest */ = {isa = PBXFileReference; explicitFileType = wrapper.cfbundle; includeInIndex = 0; path = TafelsalzTests.xctest; sourceTree = BUILT_PRODUCTS_DIR; };
		60C695561DBDE36100CE9435 /* Info.plist */ = {isa = PBXFileReference; lastKnownFileType = text.plist.xml; path = Info.plist; sourceTree = "<group>"; };
		60C696961DBDFB3600CE9435 /* SecretBox.swift */ = {isa = PBXFileReference; fileEncoding = 4; lastKnownFileType = sourcecode.swift; path = SecretBox.swift; sourceTree = "<group>"; };
		60C696991DBE02A500CE9435 /* EncryptedData.swift */ = {isa = PBXFileReference; fileEncoding = 4; lastKnownFileType = sourcecode.swift; path = EncryptedData.swift; sourceTree = "<group>"; };
		60C696A31DBF908F00CE9435 /* Random.swift */ = {isa = PBXFileReference; fileEncoding = 4; lastKnownFileType = sourcecode.swift; path = Random.swift; sourceTree = "<group>"; };
		60C696A81DBFAE4A00CE9435 /* RandomTests.swift */ = {isa = PBXFileReference; fileEncoding = 4; lastKnownFileType = sourcecode.swift; name = RandomTests.swift; path = TafelsalzTests/RandomTests.swift; sourceTree = SOURCE_ROOT; };
		60D73F661DC0D91400AAAC59 /* SecretBoxTests.swift */ = {isa = PBXFileReference; fileEncoding = 4; lastKnownFileType = sourcecode.swift; name = SecretBoxTests.swift; path = TafelsalzTests/SecretBoxTests.swift; sourceTree = SOURCE_ROOT; };
/* End PBXFileReference section */

/* Begin PBXFrameworksBuildPhase section */
		607EFC4C1F8D018B0084692A /* Frameworks */ = {
			isa = PBXFrameworksBuildPhase;
			buildActionMask = 2147483647;
			files = (
			);
			runOnlyForDeploymentPostprocessing = 0;
		};
		6096E7681F1A654000E6599F /* Frameworks */ = {
			isa = PBXFrameworksBuildPhase;
			buildActionMask = 2147483647;
			files = (
				6096E7831F1A655C00E6599F /* Keychain.framework in Frameworks */,
				608329BD227B90BF00A93406 /* libsodium-ios.a in Frameworks */,
			);
			runOnlyForDeploymentPostprocessing = 0;
		};
		6096E7711F1A654100E6599F /* Frameworks */ = {
			isa = PBXFrameworksBuildPhase;
			buildActionMask = 2147483647;
			files = (
				6096E7751F1A654100E6599F /* Tafelsalz.framework in Frameworks */,
			);
			runOnlyForDeploymentPostprocessing = 0;
		};
		60C695421DBDE36000CE9435 /* Frameworks */ = {
			isa = PBXFrameworksBuildPhase;
			buildActionMask = 2147483647;
			files = (
				6096E7641F1A492600E6599F /* Keychain.framework in Frameworks */,
				608329BB227B90B800A93406 /* libsodium-osx.a in Frameworks */,
			);
			runOnlyForDeploymentPostprocessing = 0;
		};
		60C6954C1DBDE36100CE9435 /* Frameworks */ = {
			isa = PBXFrameworksBuildPhase;
			buildActionMask = 2147483647;
			files = (
				60C695501DBDE36100CE9435 /* Tafelsalz.framework in Frameworks */,
			);
			runOnlyForDeploymentPostprocessing = 0;
		};
/* End PBXFrameworksBuildPhase section */

/* Begin PBXGroup section */
		604E24CA1DC7721B00942D54 /* Supporting Files */ = {
			isa = PBXGroup;
			children = (
				604E24C81DC7720F00942D54 /* README.md */,
			);
			name = "Supporting Files";
			sourceTree = "<group>";
		};
		607EFC501F8D018B0084692A /* TafelsalzTestHost */ = {
			isa = PBXGroup;
			children = (
				607EFC511F8D018B0084692A /* AppDelegate.swift */,
				607EFC531F8D018B0084692A /* ViewController.swift */,
				607EFC551F8D018B0084692A /* Main.storyboard */,
				607EFC581F8D018B0084692A /* Assets.xcassets */,
				607EFC5A1F8D018B0084692A /* LaunchScreen.storyboard */,
				607EFC5D1F8D018B0084692A /* Info.plist */,
			);
			path = TafelsalzTestHost;
			sourceTree = "<group>";
		};
		608329B4227B8F1200A93406 /* Frameworks */ = {
			isa = PBXGroup;
			children = (
				608329BA227B90B800A93406 /* libsodium-osx.a */,
				608329BC227B90BF00A93406 /* libsodium-ios.a */,
			);
			name = Frameworks;
			sourceTree = "<group>";
		};
		6096E7541F1A490A00E6599F /* Products */ = {
			isa = PBXGroup;
			children = (
				6096E75B1F1A490A00E6599F /* Keychain.framework */,
				6096E75D1F1A490A00E6599F /* Keychain.framework */,
				6096E75F1F1A490A00E6599F /* KeychainTests_macOS.xctest */,
				6096E7611F1A490A00E6599F /* KeychainTests_iOS.xctest */,
				607EFC641F8D018B0084692A /* KeychainTestHost.app */,
			);
			name = Products;
			sourceTree = "<group>";
		};
		60C0765D1F68150300258AB7 /* Internal */ = {
			isa = PBXGroup;
			children = (
				60C076581F67C67000258AB7 /* Sodium.swift */,
			);
			name = Internal;
			sourceTree = "<group>";
		};
		60C6953C1DBDE36000CE9435 = {
			isa = PBXGroup;
			children = (
				604E24CA1DC7721B00942D54 /* Supporting Files */,
				60C695D81DBDE50300CE9435 /* Dependencies */,
				60C695481DBDE36100CE9435 /* Tafelsalz */,
				60C695531DBDE36100CE9435 /* TafelsalzTests */,
				607EFC501F8D018B0084692A /* TafelsalzTestHost */,
				60C695471DBDE36100CE9435 /* Products */,
				608329B4227B8F1200A93406 /* Frameworks */,
			);
			sourceTree = "<group>";
		};
		60C695471DBDE36100CE9435 /* Products */ = {
			isa = PBXGroup;
			children = (
				60C695461DBDE36100CE9435 /* Tafelsalz.framework */,
				60C6954F1DBDE36100CE9435 /* TafelsalzTests.xctest */,
				6096E76C1F1A654000E6599F /* Tafelsalz.framework */,
				6096E7741F1A654100E6599F /* TafelsalzTests.xctest */,
				607EFC4F1F8D018B0084692A /* TafelsalzTestHost.app */,
			);
			name = Products;
			sourceTree = "<group>";
		};
		60C695481DBDE36100CE9435 /* Tafelsalz */ = {
			isa = PBXGroup;
			children = (
				60C696941DBDF40600CE9435 /* Supporting Files */,
				60C0765D1F68150300258AB7 /* Internal */,
				604ED7E02122159700286D2C /* Blocks.swift */,
				604ED7DD211DF5F200286D2C /* Bytes.swift */,
				603F3C491EC313F600FEEBD9 /* Ciphertext.swift */,
				60C696991DBE02A500CE9435 /* EncryptedData.swift */,
				601833881F3CCA5A003AE3D8 /* GenericHash.swift */,
				6023DFC71DE42DA900E0B95E /* HashedPassword.swift */,
				604AF076200E2996000CE8F0 /* KeyExchange.swift */,
				6012BC1D1EBDF28400E47DB8 /* KeyMaterial.swift */,
				60C0765E1F684D2300258AB7 /* MasterKey.swift */,
				60C076641F68776600258AB7 /* Memory.swift */,
				60C211E11EB503CC00882AD0 /* Password.swift */,
				6096E7021F18FF9300E6599F /* Persona.swift */,
				60C696A31DBF908F00CE9435 /* Random.swift */,
				60C696961DBDFB3600CE9435 /* SecretBox.swift */,
			);
			path = Tafelsalz;
			sourceTree = "<group>";
		};
		60C695531DBDE36100CE9435 /* TafelsalzTests */ = {
			isa = PBXGroup;
			children = (
				60C696951DBDF41700CE9435 /* Supporting Files */,
				604E24CB1DC77F5A00942D54 /* Examples.swift */,
				604ED7E321221E0E00286D2C /* BlocksTest.swift */,
				601833931F3DBFBD003AE3D8 /* BytesTest.swift */,
				6018338D1F3D0765003AE3D8 /* GenericHashTest.swift */,
				60C211E51EB50AF500882AD0 /* HashedPasswordTest.swift */,
				604AF07C200E3FD1000CE8F0 /* KeyExchangeTest.swift */,
				6012BC1F1EBE0B5F00E47DB8 /* KeyMaterialTest.swift */,
				60C076611F685D4000258AB7 /* MasterKeyTest.swift */,
				60C211E31EB504E500882AD0 /* PasswordTest.swift */,
				6096E7651F1A540300E6599F /* PersonaTest.swift */,
				60C696A81DBFAE4A00CE9435 /* RandomTests.swift */,
				60D73F661DC0D91400AAAC59 /* SecretBoxTests.swift */,
			);
			path = TafelsalzTests;
			sourceTree = "<group>";
		};
		60C695D81DBDE50300CE9435 /* Dependencies */ = {
			isa = PBXGroup;
			children = (
				608329B7227B909300A93406 /* libsodium */,
				6096E7531F1A490A00E6599F /* Keychain.xcodeproj */,
			);
			name = Dependencies;
			sourceTree = "<group>";
		};
		60C696941DBDF40600CE9435 /* Supporting Files */ = {
			isa = PBXGroup;
			children = (
				60C695491DBDE36100CE9435 /* Tafelsalz.h */,
				60C6954A1DBDE36100CE9435 /* Info.plist */,
			);
			name = "Supporting Files";
			sourceTree = "<group>";
		};
		60C696951DBDF41700CE9435 /* Supporting Files */ = {
			isa = PBXGroup;
			children = (
				60C695561DBDE36100CE9435 /* Info.plist */,
			);
			name = "Supporting Files";
			sourceTree = "<group>";
		};
/* End PBXGroup section */

/* Begin PBXHeadersBuildPhase section */
		6096E7691F1A654000E6599F /* Headers */ = {
			isa = PBXHeadersBuildPhase;
			buildActionMask = 2147483647;
			files = (
				6096E7871F1A658200E6599F /* Tafelsalz.h in Headers */,
			);
			runOnlyForDeploymentPostprocessing = 0;
		};
		60C695431DBDE36000CE9435 /* Headers */ = {
			isa = PBXHeadersBuildPhase;
			buildActionMask = 2147483647;
			files = (
				60C695571DBDE36100CE9435 /* Tafelsalz.h in Headers */,
			);
			runOnlyForDeploymentPostprocessing = 0;
		};
/* End PBXHeadersBuildPhase section */

/* Begin PBXNativeTarget section */
		607EFC4E1F8D018B0084692A /* TafelsalzTestHost */ = {
			isa = PBXNativeTarget;
			buildConfigurationList = 607EFC651F8D018B0084692A /* Build configuration list for PBXNativeTarget "TafelsalzTestHost" */;
			buildPhases = (
				607EFC4B1F8D018B0084692A /* Sources */,
				607EFC4C1F8D018B0084692A /* Frameworks */,
				607EFC4D1F8D018B0084692A /* Resources */,
			);
			buildRules = (
			);
			dependencies = (
			);
			name = TafelsalzTestHost;
			productName = TafelsalzTestHost;
			productReference = 607EFC4F1F8D018B0084692A /* TafelsalzTestHost.app */;
			productType = "com.apple.product-type.application";
		};
		6096E76B1F1A654000E6599F /* Tafelsalz_iOS */ = {
			isa = PBXNativeTarget;
			buildConfigurationList = 6096E77D1F1A654100E6599F /* Build configuration list for PBXNativeTarget "Tafelsalz_iOS" */;
			buildPhases = (
				6096E7671F1A654000E6599F /* Sources */,
				6096E7681F1A654000E6599F /* Frameworks */,
				6096E7691F1A654000E6599F /* Headers */,
				6096E76A1F1A654000E6599F /* Resources */,
			);
			buildRules = (
			);
			dependencies = (
				6096E7861F1A657300E6599F /* PBXTargetDependency */,
			);
			name = Tafelsalz_iOS;
			productName = Tafelsalz_iOS;
			productReference = 6096E76C1F1A654000E6599F /* Tafelsalz.framework */;
			productType = "com.apple.product-type.framework";
		};
		6096E7731F1A654100E6599F /* TafelsalzTests_iOS */ = {
			isa = PBXNativeTarget;
			buildConfigurationList = 6096E7801F1A654100E6599F /* Build configuration list for PBXNativeTarget "TafelsalzTests_iOS" */;
			buildPhases = (
				6096E7701F1A654100E6599F /* Sources */,
				6096E7711F1A654100E6599F /* Frameworks */,
				6096E7721F1A654100E6599F /* Resources */,
			);
			buildRules = (
			);
			dependencies = (
				6096E7771F1A654100E6599F /* PBXTargetDependency */,
				607EFC671F8D01980084692A /* PBXTargetDependency */,
			);
			name = TafelsalzTests_iOS;
			productName = Tafelsalz_iOSTests;
			productReference = 6096E7741F1A654100E6599F /* TafelsalzTests.xctest */;
			productType = "com.apple.product-type.bundle.unit-test";
		};
		60C695451DBDE36000CE9435 /* Tafelsalz_macOS */ = {
			isa = PBXNativeTarget;
			buildConfigurationList = 60C6955A1DBDE36100CE9435 /* Build configuration list for PBXNativeTarget "Tafelsalz_macOS" */;
			buildPhases = (
				60C695411DBDE36000CE9435 /* Sources */,
				60C695421DBDE36000CE9435 /* Frameworks */,
				60C695431DBDE36000CE9435 /* Headers */,
				60C695441DBDE36000CE9435 /* Resources */,
			);
			buildRules = (
			);
			dependencies = (
				6096E7631F1A491400E6599F /* PBXTargetDependency */,
			);
			name = Tafelsalz_macOS;
			productName = Tafelsalz;
			productReference = 60C695461DBDE36100CE9435 /* Tafelsalz.framework */;
			productType = "com.apple.product-type.framework";
		};
		60C6954E1DBDE36100CE9435 /* TafelsalzTests_macOS */ = {
			isa = PBXNativeTarget;
			buildConfigurationList = 60C6955D1DBDE36100CE9435 /* Build configuration list for PBXNativeTarget "TafelsalzTests_macOS" */;
			buildPhases = (
				60C6954B1DBDE36100CE9435 /* Sources */,
				60C6954C1DBDE36100CE9435 /* Frameworks */,
				60C6954D1DBDE36100CE9435 /* Resources */,
			);
			buildRules = (
			);
			dependencies = (
				60C695521DBDE36100CE9435 /* PBXTargetDependency */,
			);
			name = TafelsalzTests_macOS;
			productName = TafelsalzTests;
			productReference = 60C6954F1DBDE36100CE9435 /* TafelsalzTests.xctest */;
			productType = "com.apple.product-type.bundle.unit-test";
		};
/* End PBXNativeTarget section */

/* Begin PBXProject section */
		60C6953D1DBDE36000CE9435 /* Project object */ = {
			isa = PBXProject;
			attributes = {
				LastSwiftUpdateCheck = 0900;
				LastUpgradeCheck = 1020;
				ORGANIZATIONNAME = "Universität Hamburg";
				TargetAttributes = {
					607EFC4E1F8D018B0084692A = {
						CreatedOnToolsVersion = 9.0;
						LastSwiftMigration = 1020;
						ProvisioningStyle = Automatic;
					};
					6096E76B1F1A654000E6599F = {
						CreatedOnToolsVersion = 8.3.3;
						LastSwiftMigration = 1020;
						ProvisioningStyle = Automatic;
					};
					6096E7731F1A654100E6599F = {
						CreatedOnToolsVersion = 8.3.3;
						LastSwiftMigration = 1020;
						ProvisioningStyle = Automatic;
						TestTargetID = 607EFC4E1F8D018B0084692A;
					};
					60C695451DBDE36000CE9435 = {
						CreatedOnToolsVersion = 8.0;
						LastSwiftMigration = 1020;
						ProvisioningStyle = Automatic;
					};
					60C6954E1DBDE36100CE9435 = {
						CreatedOnToolsVersion = 8.0;
						LastSwiftMigration = 1020;
						ProvisioningStyle = Automatic;
					};
				};
			};
			buildConfigurationList = 60C695401DBDE36000CE9435 /* Build configuration list for PBXProject "Tafelsalz" */;
			compatibilityVersion = "Xcode 3.2";
			developmentRegion = en;
			hasScannedForEncodings = 0;
			knownRegions = (
				en,
				Base,
			);
			mainGroup = 60C6953C1DBDE36000CE9435;
			productRefGroup = 60C695471DBDE36100CE9435 /* Products */;
			projectDirPath = "";
			projectReferences = (
				{
					ProductGroup = 6096E7541F1A490A00E6599F /* Products */;
					ProjectRef = 6096E7531F1A490A00E6599F /* Keychain.xcodeproj */;
				},
			);
			projectRoot = "";
			targets = (
				60C695451DBDE36000CE9435 /* Tafelsalz_macOS */,
				6096E76B1F1A654000E6599F /* Tafelsalz_iOS */,
				60C6954E1DBDE36100CE9435 /* TafelsalzTests_macOS */,
				6096E7731F1A654100E6599F /* TafelsalzTests_iOS */,
				607EFC4E1F8D018B0084692A /* TafelsalzTestHost */,
			);
		};
/* End PBXProject section */

/* Begin PBXReferenceProxy section */
		607EFC641F8D018B0084692A /* KeychainTestHost.app */ = {
			isa = PBXReferenceProxy;
			fileType = wrapper.application;
			path = KeychainTestHost.app;
			remoteRef = 607EFC631F8D018B0084692A /* PBXContainerItemProxy */;
			sourceTree = BUILT_PRODUCTS_DIR;
		};
		6096E75B1F1A490A00E6599F /* Keychain.framework */ = {
			isa = PBXReferenceProxy;
			fileType = wrapper.framework;
			path = Keychain.framework;
			remoteRef = 6096E75A1F1A490A00E6599F /* PBXContainerItemProxy */;
			sourceTree = BUILT_PRODUCTS_DIR;
		};
		6096E75D1F1A490A00E6599F /* Keychain.framework */ = {
			isa = PBXReferenceProxy;
			fileType = wrapper.framework;
			path = Keychain.framework;
			remoteRef = 6096E75C1F1A490A00E6599F /* PBXContainerItemProxy */;
			sourceTree = BUILT_PRODUCTS_DIR;
		};
		6096E75F1F1A490A00E6599F /* KeychainTests_macOS.xctest */ = {
			isa = PBXReferenceProxy;
			fileType = wrapper.cfbundle;
			path = KeychainTests_macOS.xctest;
			remoteRef = 6096E75E1F1A490A00E6599F /* PBXContainerItemProxy */;
			sourceTree = BUILT_PRODUCTS_DIR;
		};
		6096E7611F1A490A00E6599F /* KeychainTests_iOS.xctest */ = {
			isa = PBXReferenceProxy;
			fileType = wrapper.cfbundle;
			path = KeychainTests_iOS.xctest;
			remoteRef = 6096E7601F1A490A00E6599F /* PBXContainerItemProxy */;
			sourceTree = BUILT_PRODUCTS_DIR;
		};
/* End PBXReferenceProxy section */

/* Begin PBXResourcesBuildPhase section */
		607EFC4D1F8D018B0084692A /* Resources */ = {
			isa = PBXResourcesBuildPhase;
			buildActionMask = 2147483647;
			files = (
				607EFC5C1F8D018B0084692A /* LaunchScreen.storyboard in Resources */,
				607EFC591F8D018B0084692A /* Assets.xcassets in Resources */,
				607EFC571F8D018B0084692A /* Main.storyboard in Resources */,
			);
			runOnlyForDeploymentPostprocessing = 0;
		};
		6096E76A1F1A654000E6599F /* Resources */ = {
			isa = PBXResourcesBuildPhase;
			buildActionMask = 2147483647;
			files = (
			);
			runOnlyForDeploymentPostprocessing = 0;
		};
		6096E7721F1A654100E6599F /* Resources */ = {
			isa = PBXResourcesBuildPhase;
			buildActionMask = 2147483647;
			files = (
			);
			runOnlyForDeploymentPostprocessing = 0;
		};
		60C695441DBDE36000CE9435 /* Resources */ = {
			isa = PBXResourcesBuildPhase;
			buildActionMask = 2147483647;
			files = (
				604E24C91DC7720F00942D54 /* README.md in Resources */,
			);
			runOnlyForDeploymentPostprocessing = 0;
		};
		60C6954D1DBDE36100CE9435 /* Resources */ = {
			isa = PBXResourcesBuildPhase;
			buildActionMask = 2147483647;
			files = (
			);
			runOnlyForDeploymentPostprocessing = 0;
		};
/* End PBXResourcesBuildPhase section */

/* Begin PBXSourcesBuildPhase section */
		607EFC4B1F8D018B0084692A /* Sources */ = {
			isa = PBXSourcesBuildPhase;
			buildActionMask = 2147483647;
			files = (
				607EFC541F8D018B0084692A /* ViewController.swift in Sources */,
				607EFC521F8D018B0084692A /* AppDelegate.swift in Sources */,
			);
			runOnlyForDeploymentPostprocessing = 0;
		};
		6096E7671F1A654000E6599F /* Sources */ = {
			isa = PBXSourcesBuildPhase;
			buildActionMask = 2147483647;
			files = (
				6096E78B1F1A67D700E6599F /* Password.swift in Sources */,
				6096E78A1F1A67D400E6599F /* HashedPassword.swift in Sources */,
				6096E78C1F1A67DA00E6599F /* Random.swift in Sources */,
				6096E7901F1A67E700E6599F /* Persona.swift in Sources */,
				604ED7E22122159800286D2C /* Blocks.swift in Sources */,
				60C0765A1F67C67000258AB7 /* Sodium.swift in Sources */,
				6096E78F1F1A67E400E6599F /* Ciphertext.swift in Sources */,
				6018338A1F3CCA5A003AE3D8 /* GenericHash.swift in Sources */,
				604ED7DF211DF5F200286D2C /* Bytes.swift in Sources */,
				6096E78E1F1A67E100E6599F /* KeyMaterial.swift in Sources */,
				604AF078200E2996000CE8F0 /* KeyExchange.swift in Sources */,
				6096E78D1F1A67DD00E6599F /* SecretBox.swift in Sources */,
				6096E7891F1A67D100E6599F /* EncryptedData.swift in Sources */,
				60C076661F68776600258AB7 /* Memory.swift in Sources */,
				60C076601F684D2300258AB7 /* MasterKey.swift in Sources */,
			);
			runOnlyForDeploymentPostprocessing = 0;
		};
		6096E7701F1A654100E6599F /* Sources */ = {
			isa = PBXSourcesBuildPhase;
			buildActionMask = 2147483647;
			files = (
				6096E7951F1A67F700E6599F /* RandomTests.swift in Sources */,
				604ED7E521221E0E00286D2C /* BlocksTest.swift in Sources */,
				6018338F1F3D0765003AE3D8 /* GenericHashTest.swift in Sources */,
				6096E7961F1A67FA00E6599F /* SecretBoxTests.swift in Sources */,
				60C076631F685D4000258AB7 /* MasterKeyTest.swift in Sources */,
				6096E7941F1A67F400E6599F /* PasswordTest.swift in Sources */,
				6096E7971F1A680800E6599F /* PersonaTest.swift in Sources */,
				6096E7931F1A67F100E6599F /* HashedPasswordTest.swift in Sources */,
				6096E7921F1A67EE00E6599F /* KeyMaterialTest.swift in Sources */,
				601833951F3DBFBD003AE3D8 /* BytesTest.swift in Sources */,
				6096E7911F1A67EC00E6599F /* Examples.swift in Sources */,
				604AF07E200E3FD1000CE8F0 /* KeyExchangeTest.swift in Sources */,
			);
			runOnlyForDeploymentPostprocessing = 0;
		};
		60C695411DBDE36000CE9435 /* Sources */ = {
			isa = PBXSourcesBuildPhase;
			buildActionMask = 2147483647;
			files = (
				60C211E21EB503CC00882AD0 /* Password.swift in Sources */,
				6023DFC81DE42DA900E0B95E /* HashedPassword.swift in Sources */,
				60C696A41DBF908F00CE9435 /* Random.swift in Sources */,
				6096E7031F18FF9300E6599F /* Persona.swift in Sources */,
				604ED7E12122159800286D2C /* Blocks.swift in Sources */,
				60C076591F67C67000258AB7 /* Sodium.swift in Sources */,
				603F3C4A1EC313F600FEEBD9 /* Ciphertext.swift in Sources */,
				601833891F3CCA5A003AE3D8 /* GenericHash.swift in Sources */,
				604ED7DE211DF5F200286D2C /* Bytes.swift in Sources */,
				6012BC1E1EBDF28400E47DB8 /* KeyMaterial.swift in Sources */,
				604AF077200E2996000CE8F0 /* KeyExchange.swift in Sources */,
				60C6969A1DBE02A500CE9435 /* EncryptedData.swift in Sources */,
				60C696971DBDFB3600CE9435 /* SecretBox.swift in Sources */,
				60C076651F68776600258AB7 /* Memory.swift in Sources */,
				60C0765F1F684D2300258AB7 /* MasterKey.swift in Sources */,
			);
			runOnlyForDeploymentPostprocessing = 0;
		};
		60C6954B1DBDE36100CE9435 /* Sources */ = {
			isa = PBXSourcesBuildPhase;
			buildActionMask = 2147483647;
			files = (
				6012BC201EBE0B5F00E47DB8 /* KeyMaterialTest.swift in Sources */,
				604ED7E421221E0E00286D2C /* BlocksTest.swift in Sources */,
				6018338E1F3D0765003AE3D8 /* GenericHashTest.swift in Sources */,
				60C696A91DBFAE4A00CE9435 /* RandomTests.swift in Sources */,
				60C076621F685D4000258AB7 /* MasterKeyTest.swift in Sources */,
				604E24CC1DC77F5A00942D54 /* Examples.swift in Sources */,
				6096E7661F1A540300E6599F /* PersonaTest.swift in Sources */,
				60C211E61EB50AF500882AD0 /* HashedPasswordTest.swift in Sources */,
				60C211E41EB504E500882AD0 /* PasswordTest.swift in Sources */,
				601833941F3DBFBD003AE3D8 /* BytesTest.swift in Sources */,
				60D73F671DC0D91400AAAC59 /* SecretBoxTests.swift in Sources */,
				604AF07D200E3FD1000CE8F0 /* KeyExchangeTest.swift in Sources */,
			);
			runOnlyForDeploymentPostprocessing = 0;
		};
/* End PBXSourcesBuildPhase section */

/* Begin PBXTargetDependency section */
		607EFC671F8D01980084692A /* PBXTargetDependency */ = {
			isa = PBXTargetDependency;
			target = 607EFC4E1F8D018B0084692A /* TafelsalzTestHost */;
			targetProxy = 607EFC661F8D01980084692A /* PBXContainerItemProxy */;
		};
		6096E7631F1A491400E6599F /* PBXTargetDependency */ = {
			isa = PBXTargetDependency;
			name = Keychain_macOS;
			targetProxy = 6096E7621F1A491400E6599F /* PBXContainerItemProxy */;
		};
		6096E7771F1A654100E6599F /* PBXTargetDependency */ = {
			isa = PBXTargetDependency;
			target = 6096E76B1F1A654000E6599F /* Tafelsalz_iOS */;
			targetProxy = 6096E7761F1A654100E6599F /* PBXContainerItemProxy */;
		};
		6096E7861F1A657300E6599F /* PBXTargetDependency */ = {
			isa = PBXTargetDependency;
			name = Keychain_iOS;
			targetProxy = 6096E7851F1A657300E6599F /* PBXContainerItemProxy */;
		};
		60C695521DBDE36100CE9435 /* PBXTargetDependency */ = {
			isa = PBXTargetDependency;
			target = 60C695451DBDE36000CE9435 /* Tafelsalz_macOS */;
			targetProxy = 60C695511DBDE36100CE9435 /* PBXContainerItemProxy */;
		};
/* End PBXTargetDependency section */

/* Begin PBXVariantGroup section */
		607EFC551F8D018B0084692A /* Main.storyboard */ = {
			isa = PBXVariantGroup;
			children = (
				607EFC561F8D018B0084692A /* Base */,
			);
			name = Main.storyboard;
			sourceTree = "<group>";
		};
		607EFC5A1F8D018B0084692A /* LaunchScreen.storyboard */ = {
			isa = PBXVariantGroup;
			children = (
				607EFC5B1F8D018B0084692A /* Base */,
			);
			name = LaunchScreen.storyboard;
			sourceTree = "<group>";
		};
/* End PBXVariantGroup section */

/* Begin XCBuildConfiguration section */
		607EFC5E1F8D018B0084692A /* Debug */ = {
			isa = XCBuildConfiguration;
			buildSettings = {
				ASSETCATALOG_COMPILER_APPICON_NAME = AppIcon;
				CLANG_ANALYZER_NUMBER_OBJECT_CONVERSION = YES_AGGRESSIVE;
				CLANG_CXX_LANGUAGE_STANDARD = "gnu++14";
				CLANG_WARN_UNGUARDED_AVAILABILITY = YES_AGGRESSIVE;
				CODE_SIGN_IDENTITY = "iPhone Developer";
				CODE_SIGN_STYLE = Automatic;
				GCC_C_LANGUAGE_STANDARD = gnu11;
				INFOPLIST_FILE = TafelsalzTestHost/Info.plist;
				LD_RUNPATH_SEARCH_PATHS = "$(inherited) @executable_path/Frameworks";
				PRODUCT_BUNDLE_IDENTIFIER = "de.uni-hamburg.informatik.blochberger.TafelsalzTestHost";
				PRODUCT_NAME = "$(TARGET_NAME)";
				SDKROOT = iphoneos;
				SWIFT_VERSION = 5.0;
				TARGETED_DEVICE_FAMILY = "1,2";
			};
			name = Debug;
		};
		607EFC5F1F8D018B0084692A /* Release */ = {
			isa = XCBuildConfiguration;
			buildSettings = {
				ASSETCATALOG_COMPILER_APPICON_NAME = AppIcon;
				CLANG_ANALYZER_NUMBER_OBJECT_CONVERSION = YES_AGGRESSIVE;
				CLANG_CXX_LANGUAGE_STANDARD = "gnu++14";
				CLANG_WARN_UNGUARDED_AVAILABILITY = YES_AGGRESSIVE;
				CODE_SIGN_IDENTITY = "iPhone Developer";
				CODE_SIGN_STYLE = Automatic;
				GCC_C_LANGUAGE_STANDARD = gnu11;
				INFOPLIST_FILE = TafelsalzTestHost/Info.plist;
				LD_RUNPATH_SEARCH_PATHS = "$(inherited) @executable_path/Frameworks";
				PRODUCT_BUNDLE_IDENTIFIER = "de.uni-hamburg.informatik.blochberger.TafelsalzTestHost";
				PRODUCT_NAME = "$(TARGET_NAME)";
				SDKROOT = iphoneos;
				SWIFT_VERSION = 5.0;
				TARGETED_DEVICE_FAMILY = "1,2";
				VALIDATE_PRODUCT = YES;
			};
			name = Release;
		};
		6096E77E1F1A654100E6599F /* Debug */ = {
			isa = XCBuildConfiguration;
			buildSettings = {
				CLANG_ANALYZER_NUMBER_OBJECT_CONVERSION = YES_AGGRESSIVE;
				CODE_SIGN_IDENTITY = "";
				"CODE_SIGN_IDENTITY[sdk=iphoneos*]" = "";
				DEFINES_MODULE = YES;
				DYLIB_COMPATIBILITY_VERSION = 1;
				DYLIB_CURRENT_VERSION = 1;
				DYLIB_INSTALL_NAME_BASE = "@rpath";
				INFOPLIST_FILE = Tafelsalz/Info.plist;
				INSTALL_PATH = "$(LOCAL_LIBRARY_DIR)/Frameworks";
				LD_RUNPATH_SEARCH_PATHS = "$(inherited) @executable_path/Frameworks @loader_path/Frameworks";
				LIBRARY_SEARCH_PATHS = (
					"$(inherited)",
					"$(PROJECT_DIR)",
					"$(PROJECT_DIR)/Dependencies/**",
					"$(PROJECT_DIR)/Dependencies/libsodium",
				);
				PRODUCT_BUNDLE_IDENTIFIER = "de.uni-hamburg.informatik.blochberger.Tafelsalz.iOS";
				PRODUCT_NAME = Tafelsalz;
				SDKROOT = iphoneos;
				SKIP_INSTALL = YES;
				SWIFT_VERSION = 5.0;
				TARGETED_DEVICE_FAMILY = "1,2";
			};
			name = Debug;
		};
		6096E77F1F1A654100E6599F /* Release */ = {
			isa = XCBuildConfiguration;
			buildSettings = {
				CLANG_ANALYZER_NUMBER_OBJECT_CONVERSION = YES_AGGRESSIVE;
				CODE_SIGN_IDENTITY = "";
				"CODE_SIGN_IDENTITY[sdk=iphoneos*]" = "";
				DEFINES_MODULE = YES;
				DYLIB_COMPATIBILITY_VERSION = 1;
				DYLIB_CURRENT_VERSION = 1;
				DYLIB_INSTALL_NAME_BASE = "@rpath";
				INFOPLIST_FILE = Tafelsalz/Info.plist;
				INSTALL_PATH = "$(LOCAL_LIBRARY_DIR)/Frameworks";
				LD_RUNPATH_SEARCH_PATHS = "$(inherited) @executable_path/Frameworks @loader_path/Frameworks";
				LIBRARY_SEARCH_PATHS = (
					"$(inherited)",
					"$(PROJECT_DIR)",
					"$(PROJECT_DIR)/Dependencies/**",
					"$(PROJECT_DIR)/Dependencies/libsodium",
				);
				PRODUCT_BUNDLE_IDENTIFIER = "de.uni-hamburg.informatik.blochberger.Tafelsalz.iOS";
				PRODUCT_NAME = Tafelsalz;
				SDKROOT = iphoneos;
				SKIP_INSTALL = YES;
				SWIFT_VERSION = 5.0;
				TARGETED_DEVICE_FAMILY = "1,2";
				VALIDATE_PRODUCT = YES;
			};
			name = Release;
		};
		6096E7811F1A654100E6599F /* Debug */ = {
			isa = XCBuildConfiguration;
			buildSettings = {
				ALWAYS_EMBED_SWIFT_STANDARD_LIBRARIES = YES;
				CLANG_ANALYZER_NUMBER_OBJECT_CONVERSION = YES_AGGRESSIVE;
				"CODE_SIGN_IDENTITY[sdk=iphoneos*]" = "iPhone Developer";
				INFOPLIST_FILE = TafelsalzTests/Info.plist;
				LD_RUNPATH_SEARCH_PATHS = "$(inherited) @executable_path/Frameworks @loader_path/Frameworks";
				PRODUCT_BUNDLE_IDENTIFIER = "de.uni-hamburg.informatik.blochberger.TafelsalzTests.iOS";
				PRODUCT_NAME = TafelsalzTests;
				SDKROOT = iphoneos;
				SWIFT_INCLUDE_PATHS = "$(PROJECT_DIR)/Dependencies/**";
				SWIFT_OBJC_INTERFACE_HEADER_NAME = "TafelsalzTests-Swift.h";
				SWIFT_VERSION = 5.0;
				TEST_HOST = "$(BUILT_PRODUCTS_DIR)/TafelsalzTestHost.app/TafelsalzTestHost";
			};
			name = Debug;
		};
		6096E7821F1A654100E6599F /* Release */ = {
			isa = XCBuildConfiguration;
			buildSettings = {
				ALWAYS_EMBED_SWIFT_STANDARD_LIBRARIES = YES;
				CLANG_ANALYZER_NUMBER_OBJECT_CONVERSION = YES_AGGRESSIVE;
				"CODE_SIGN_IDENTITY[sdk=iphoneos*]" = "iPhone Developer";
				INFOPLIST_FILE = TafelsalzTests/Info.plist;
				LD_RUNPATH_SEARCH_PATHS = "$(inherited) @executable_path/Frameworks @loader_path/Frameworks";
				PRODUCT_BUNDLE_IDENTIFIER = "de.uni-hamburg.informatik.blochberger.TafelsalzTests.iOS";
				PRODUCT_NAME = TafelsalzTests;
				SDKROOT = iphoneos;
				SWIFT_INCLUDE_PATHS = "$(PROJECT_DIR)/Dependencies/**";
				SWIFT_OBJC_INTERFACE_HEADER_NAME = "TafelsalzTests-Swift.h";
				SWIFT_VERSION = 5.0;
				TEST_HOST = "$(BUILT_PRODUCTS_DIR)/TafelsalzTestHost.app/TafelsalzTestHost";
				VALIDATE_PRODUCT = YES;
			};
			name = Release;
		};
		60C695581DBDE36100CE9435 /* Debug */ = {
			isa = XCBuildConfiguration;
			buildSettings = {
				ALWAYS_SEARCH_USER_PATHS = NO;
				CLANG_ANALYZER_LOCALIZABILITY_NONLOCALIZED = YES;
				CLANG_ANALYZER_NONNULL = YES;
				CLANG_CXX_LANGUAGE_STANDARD = "gnu++0x";
				CLANG_CXX_LIBRARY = "libc++";
				CLANG_ENABLE_MODULES = YES;
				CLANG_ENABLE_OBJC_ARC = YES;
				CLANG_WARN_BLOCK_CAPTURE_AUTORELEASING = YES;
				CLANG_WARN_BOOL_CONVERSION = YES;
				CLANG_WARN_COMMA = YES;
				CLANG_WARN_CONSTANT_CONVERSION = YES;
				CLANG_WARN_DEPRECATED_OBJC_IMPLEMENTATIONS = YES;
				CLANG_WARN_DIRECT_OBJC_ISA_USAGE = YES_ERROR;
				CLANG_WARN_DOCUMENTATION_COMMENTS = YES;
				CLANG_WARN_EMPTY_BODY = YES;
				CLANG_WARN_ENUM_CONVERSION = YES;
				CLANG_WARN_INFINITE_RECURSION = YES;
				CLANG_WARN_INT_CONVERSION = YES;
				CLANG_WARN_NON_LITERAL_NULL_CONVERSION = YES;
				CLANG_WARN_OBJC_IMPLICIT_RETAIN_SELF = YES;
				CLANG_WARN_OBJC_LITERAL_CONVERSION = YES;
				CLANG_WARN_OBJC_ROOT_CLASS = YES_ERROR;
				CLANG_WARN_RANGE_LOOP_ANALYSIS = YES;
				CLANG_WARN_STRICT_PROTOTYPES = YES;
				CLANG_WARN_SUSPICIOUS_MOVE = YES;
				CLANG_WARN_SUSPICIOUS_MOVES = YES;
				CLANG_WARN_UNREACHABLE_CODE = YES;
				CLANG_WARN__DUPLICATE_METHOD_MATCH = YES;
				CODE_SIGN_IDENTITY = "-";
				COPY_PHASE_STRIP = NO;
				CURRENT_PROJECT_VERSION = 1;
				DEBUG_INFORMATION_FORMAT = dwarf;
				ENABLE_STRICT_OBJC_MSGSEND = YES;
				ENABLE_TESTABILITY = YES;
				GCC_C_LANGUAGE_STANDARD = gnu99;
				GCC_DYNAMIC_NO_PIC = NO;
				GCC_NO_COMMON_BLOCKS = YES;
				GCC_OPTIMIZATION_LEVEL = 0;
				GCC_PREPROCESSOR_DEFINITIONS = (
					"DEBUG=1",
					"$(inherited)",
				);
				GCC_WARN_64_TO_32_BIT_CONVERSION = YES;
				GCC_WARN_ABOUT_RETURN_TYPE = YES_ERROR;
				GCC_WARN_UNDECLARED_SELECTOR = YES;
				GCC_WARN_UNINITIALIZED_AUTOS = YES_AGGRESSIVE;
				GCC_WARN_UNUSED_FUNCTION = YES;
				GCC_WARN_UNUSED_VARIABLE = YES;
				HEADER_SEARCH_PATHS = "$(PROJECT_DIR)/Dependencies/libsodium";
				MTL_ENABLE_DEBUG_INFO = YES;
				ONLY_ACTIVE_ARCH = YES;
				SWIFT_ACTIVE_COMPILATION_CONDITIONS = DEBUG;
				SWIFT_INCLUDE_PATHS = "$(PROJECT_DIR)/Dependencies/libsodium";
				SWIFT_OPTIMIZATION_LEVEL = "-Onone";
				SWIFT_VERSION = 4.2;
				VERSIONING_SYSTEM = "apple-generic";
				VERSION_INFO_PREFIX = "";
			};
			name = Debug;
		};
		60C695591DBDE36100CE9435 /* Release */ = {
			isa = XCBuildConfiguration;
			buildSettings = {
				ALWAYS_SEARCH_USER_PATHS = NO;
				CLANG_ANALYZER_LOCALIZABILITY_NONLOCALIZED = YES;
				CLANG_ANALYZER_NONNULL = YES;
				CLANG_CXX_LANGUAGE_STANDARD = "gnu++0x";
				CLANG_CXX_LIBRARY = "libc++";
				CLANG_ENABLE_MODULES = YES;
				CLANG_ENABLE_OBJC_ARC = YES;
				CLANG_WARN_BLOCK_CAPTURE_AUTORELEASING = YES;
				CLANG_WARN_BOOL_CONVERSION = YES;
				CLANG_WARN_COMMA = YES;
				CLANG_WARN_CONSTANT_CONVERSION = YES;
				CLANG_WARN_DEPRECATED_OBJC_IMPLEMENTATIONS = YES;
				CLANG_WARN_DIRECT_OBJC_ISA_USAGE = YES_ERROR;
				CLANG_WARN_DOCUMENTATION_COMMENTS = YES;
				CLANG_WARN_EMPTY_BODY = YES;
				CLANG_WARN_ENUM_CONVERSION = YES;
				CLANG_WARN_INFINITE_RECURSION = YES;
				CLANG_WARN_INT_CONVERSION = YES;
				CLANG_WARN_NON_LITERAL_NULL_CONVERSION = YES;
				CLANG_WARN_OBJC_IMPLICIT_RETAIN_SELF = YES;
				CLANG_WARN_OBJC_LITERAL_CONVERSION = YES;
				CLANG_WARN_OBJC_ROOT_CLASS = YES_ERROR;
				CLANG_WARN_RANGE_LOOP_ANALYSIS = YES;
				CLANG_WARN_STRICT_PROTOTYPES = YES;
				CLANG_WARN_SUSPICIOUS_MOVE = YES;
				CLANG_WARN_SUSPICIOUS_MOVES = YES;
				CLANG_WARN_UNREACHABLE_CODE = YES;
				CLANG_WARN__DUPLICATE_METHOD_MATCH = YES;
				CODE_SIGN_IDENTITY = "-";
				COPY_PHASE_STRIP = NO;
				CURRENT_PROJECT_VERSION = 1;
				DEBUG_INFORMATION_FORMAT = "dwarf-with-dsym";
				ENABLE_NS_ASSERTIONS = NO;
				ENABLE_STRICT_OBJC_MSGSEND = YES;
				GCC_C_LANGUAGE_STANDARD = gnu99;
				GCC_NO_COMMON_BLOCKS = YES;
				GCC_WARN_64_TO_32_BIT_CONVERSION = YES;
				GCC_WARN_ABOUT_RETURN_TYPE = YES_ERROR;
				GCC_WARN_UNDECLARED_SELECTOR = YES;
				GCC_WARN_UNINITIALIZED_AUTOS = YES_AGGRESSIVE;
				GCC_WARN_UNUSED_FUNCTION = YES;
				GCC_WARN_UNUSED_VARIABLE = YES;
				HEADER_SEARCH_PATHS = "$(PROJECT_DIR)/Dependencies/libsodium";
				MTL_ENABLE_DEBUG_INFO = NO;
				SWIFT_INCLUDE_PATHS = "$(PROJECT_DIR)/Dependencies/libsodium";
				SWIFT_OPTIMIZATION_LEVEL = "-Owholemodule";
				SWIFT_VERSION = 4.2;
				VERSIONING_SYSTEM = "apple-generic";
				VERSION_INFO_PREFIX = "";
			};
			name = Release;
		};
		60C6955B1DBDE36100CE9435 /* Debug */ = {
			isa = XCBuildConfiguration;
			buildSettings = {
				CODE_SIGN_IDENTITY = "";
				COMBINE_HIDPI_IMAGES = YES;
				DEFINES_MODULE = YES;
				DYLIB_COMPATIBILITY_VERSION = 1;
				DYLIB_CURRENT_VERSION = 1;
				DYLIB_INSTALL_NAME_BASE = "@rpath";
				FRAMEWORK_VERSION = A;
				INFOPLIST_FILE = Tafelsalz/Info.plist;
				INSTALL_PATH = "$(LOCAL_LIBRARY_DIR)/Frameworks";
				LD_RUNPATH_SEARCH_PATHS = "$(inherited) @executable_path/../Frameworks @loader_path/Frameworks";
				LIBRARY_SEARCH_PATHS = (
					"$(inherited)",
					"$(PROJECT_DIR)",
					"$(PROJECT_DIR)/Dependencies/**",
					"$(PROJECT_DIR)/Dependencies/libsodium",
				);
				MACOSX_DEPLOYMENT_TARGET = 10.13;
				PRODUCT_BUNDLE_IDENTIFIER = "de.uni-hamburg.informatik.blochberger.Tafelsalz.macOS";
				PRODUCT_NAME = Tafelsalz;
				SDKROOT = macosx;
				SKIP_INSTALL = YES;
				SWIFT_INCLUDE_PATHS = "$(PROJECT_DIR)/Dependencies/**";
				SWIFT_OPTIMIZATION_LEVEL = "-Onone";
				SWIFT_VERSION = 5.0;
			};
			name = Debug;
		};
		60C6955C1DBDE36100CE9435 /* Release */ = {
			isa = XCBuildConfiguration;
			buildSettings = {
				CODE_SIGN_IDENTITY = "";
				COMBINE_HIDPI_IMAGES = YES;
				DEFINES_MODULE = YES;
				DYLIB_COMPATIBILITY_VERSION = 1;
				DYLIB_CURRENT_VERSION = 1;
				DYLIB_INSTALL_NAME_BASE = "@rpath";
				FRAMEWORK_VERSION = A;
				INFOPLIST_FILE = Tafelsalz/Info.plist;
				INSTALL_PATH = "$(LOCAL_LIBRARY_DIR)/Frameworks";
				LD_RUNPATH_SEARCH_PATHS = "$(inherited) @executable_path/../Frameworks @loader_path/Frameworks";
				LIBRARY_SEARCH_PATHS = (
					"$(inherited)",
					"$(PROJECT_DIR)",
					"$(PROJECT_DIR)/Dependencies/**",
					"$(PROJECT_DIR)/Dependencies/libsodium",
				);
				MACOSX_DEPLOYMENT_TARGET = 10.13;
				PRODUCT_BUNDLE_IDENTIFIER = "de.uni-hamburg.informatik.blochberger.Tafelsalz.macOS";
				PRODUCT_NAME = Tafelsalz;
				SDKROOT = macosx;
				SKIP_INSTALL = YES;
				SWIFT_INCLUDE_PATHS = "$(PROJECT_DIR)/Dependencies/**";
				SWIFT_VERSION = 5.0;
			};
			name = Release;
		};
		60C6955E1DBDE36100CE9435 /* Debug */ = {
			isa = XCBuildConfiguration;
			buildSettings = {
				ALWAYS_EMBED_SWIFT_STANDARD_LIBRARIES = YES;
				COMBINE_HIDPI_IMAGES = YES;
				INFOPLIST_FILE = TafelsalzTests/Info.plist;
				LD_RUNPATH_SEARCH_PATHS = "$(inherited) @executable_path/../Frameworks @loader_path/../Frameworks";
				LIBRARY_SEARCH_PATHS = (
					"$(inherited)",
					"$(PROJECT_DIR)/Dependencies/**",
				);
				PRODUCT_BUNDLE_IDENTIFIER = "de.uni-hamburg.informatik.blochberger.TafelsalzTests.macOS";
				PRODUCT_NAME = TafelsalzTests;
				SDKROOT = macosx;
				SWIFT_INCLUDE_PATHS = "$(PROJECT_DIR)/Dependencies/**";
				SWIFT_OBJC_INTERFACE_HEADER_NAME = "TafelsalzTests-Swift.h";
				SWIFT_VERSION = 5.0;
			};
			name = Debug;
		};
		60C6955F1DBDE36100CE9435 /* Release */ = {
			isa = XCBuildConfiguration;
			buildSettings = {
				ALWAYS_EMBED_SWIFT_STANDARD_LIBRARIES = YES;
				COMBINE_HIDPI_IMAGES = YES;
				INFOPLIST_FILE = TafelsalzTests/Info.plist;
				LD_RUNPATH_SEARCH_PATHS = "$(inherited) @executable_path/../Frameworks @loader_path/../Frameworks";
				LIBRARY_SEARCH_PATHS = (
					"$(inherited)",
					"$(PROJECT_DIR)/Dependencies/**",
				);
				PRODUCT_BUNDLE_IDENTIFIER = "de.uni-hamburg.informatik.blochberger.TafelsalzTests.macOS";
				PRODUCT_NAME = TafelsalzTests;
				SDKROOT = macosx;
				SWIFT_INCLUDE_PATHS = "$(PROJECT_DIR)/Dependencies/**";
				SWIFT_OBJC_INTERFACE_HEADER_NAME = "TafelsalzTests-Swift.h";
				SWIFT_VERSION = 5.0;
			};
			name = Release;
		};
/* End XCBuildConfiguration section */

/* Begin XCConfigurationList section */
		607EFC651F8D018B0084692A /* Build configuration list for PBXNativeTarget "TafelsalzTestHost" */ = {
			isa = XCConfigurationList;
			buildConfigurations = (
				607EFC5E1F8D018B0084692A /* Debug */,
				607EFC5F1F8D018B0084692A /* Release */,
			);
			defaultConfigurationIsVisible = 0;
			defaultConfigurationName = Release;
		};
		6096E77D1F1A654100E6599F /* Build configuration list for PBXNativeTarget "Tafelsalz_iOS" */ = {
			isa = XCConfigurationList;
			buildConfigurations = (
				6096E77E1F1A654100E6599F /* Debug */,
				6096E77F1F1A654100E6599F /* Release */,
			);
			defaultConfigurationIsVisible = 0;
			defaultConfigurationName = Release;
		};
		6096E7801F1A654100E6599F /* Build configuration list for PBXNativeTarget "TafelsalzTests_iOS" */ = {
			isa = XCConfigurationList;
			buildConfigurations = (
				6096E7811F1A654100E6599F /* Debug */,
				6096E7821F1A654100E6599F /* Release */,
			);
			defaultConfigurationIsVisible = 0;
			defaultConfigurationName = Release;
		};
		60C695401DBDE36000CE9435 /* Build configuration list for PBXProject "Tafelsalz" */ = {
			isa = XCConfigurationList;
			buildConfigurations = (
				60C695581DBDE36100CE9435 /* Debug */,
				60C695591DBDE36100CE9435 /* Release */,
			);
			defaultConfigurationIsVisible = 0;
			defaultConfigurationName = Release;
		};
		60C6955A1DBDE36100CE9435 /* Build configuration list for PBXNativeTarget "Tafelsalz_macOS" */ = {
			isa = XCConfigurationList;
			buildConfigurations = (
				60C6955B1DBDE36100CE9435 /* Debug */,
				60C6955C1DBDE36100CE9435 /* Release */,
			);
			defaultConfigurationIsVisible = 0;
			defaultConfigurationName = Release;
		};
		60C6955D1DBDE36100CE9435 /* Build configuration list for PBXNativeTarget "TafelsalzTests_macOS" */ = {
			isa = XCConfigurationList;
			buildConfigurations = (
				60C6955E1DBDE36100CE9435 /* Debug */,
				60C6955F1DBDE36100CE9435 /* Release */,
			);
			defaultConfigurationIsVisible = 0;
			defaultConfigurationName = Release;
		};
/* End XCConfigurationList section */
	};
	rootObject = 60C6953D1DBDE36000CE9435 /* Project object */;
}
